{
  "originHash" : "edf1b6e7a264d1018d7db87eaa02d4932edcf18a20c207e7a600bacfac98781f",
  "pins" : [
    {
      "identity" : "audiokit",
      "kind" : "remoteSourceControl",
      "location" : "https://github.com/AudioKit/AudioKit.git",
      "state" : {
        "revision" : "5b3fd238ef8ee95c9842ca4ea83ca58ee151e630",
        "version" : "5.6.5"
      }
    },
    {
      "identity" : "audiokitex",
      "kind" : "remoteSourceControl",
      "location" : "https://github.com/AudioKit/AudioKitEX.git",
      "state" : {
        "revision" : "23e8e3bffd9fbc1dffa72f1d47c7f714dd777288",
        "version" : "5.6.2"
      }
    }
  ],
  "version" : 3
}
